
Microsoft Visual Studio Solution File, Format Version 11.00
# Visual Studio 2010
Project("{FAE04EC0-301F-11D3-BF4B-00C04F79EFBC}") = "1_09 IncreasingArrays", "1_09 IncreasingArrays\1_09 IncreasingArrays.csproj", "{605F306B-1AD0-48CA-97A6-2EECCE93643C}"
EndProject
Global
	GlobalSection(SolutionConfigurationPlatforms) = preSolution
		Debug|x86 = Debug|x86
		Release|x86 = Release|x86
	EndGlobalSection
	GlobalSection(ProjectConfigurationPlatforms) = postSolution
		{605F306B-1AD0-48CA-97A6-2EECCE93643C}.Debug|x86.ActiveCfg = Debug|x86
		{605F306B-1AD0-48CA-97A6-2EECCE93643C}.Debug|x86.Build.0 = Debug|x86
		{605F306B-1AD0-48CA-97A6-2EECCE93643C}.Release|x86.ActiveCfg = Release|x86
		{605F306B-1AD0-48CA-97A6-2EECCE93643C}.Release|x86.Build.0 = Release|x86
	EndGlobalSection
	GlobalSection(SolutionProperties) = preSolution
		HideSolutionNode = FALSE
	EndGlobalSection
EndGlobal
